
Microsoft Visual Studio Solution File, Format Version 12.00
# Visual Studio Version 16
VisualStudioVersion = 16.0.29009.5
MinimumVisualStudioVersion = 10.0.40219.1
Project("{2150E333-8FDC-42A3-9474-1A3956D46DE8}") = "Documentation", "Documentation", "{6BDF17C5-00C7-4235-88A0-E0E9F4B66B9C}"
	ProjectSection(SolutionItems) = preProject
		readme.md = readme.md
	EndProjectSection
EndProject
Project("{FAE04EC0-301F-11D3-BF4B-00C04F79EFBC}") = "Kafka", "Kafka\Kafka.csproj", "{52910557-6A38-4513-866C-B5B4046B0915}"
EndProject
Project("{FAE04EC0-301F-11D3-BF4B-00C04F79EFBC}") = "Extensions", "Extensions\Extensions.csproj", "{4AF3BC5C-4734-4FFE-BAE1-EE549AC3C692}"
EndProject
Project("{FAE04EC0-301F-11D3-BF4B-00C04F79EFBC}") = "Tests", "Tests\Tests.csproj", "{FBF1E076-4DCB-45F9-8412-77D785AB5762}"
EndProject
Global
	GlobalSection(SolutionConfigurationPlatforms) = preSolution
		Debug|Any CPU = Debug|Any CPU
		Release|Any CPU = Release|Any CPU
	EndGlobalSection
	GlobalSection(ProjectConfigurationPlatforms) = postSolution
		{52910557-6A38-4513-866C-B5B4046B0915}.Debug|Any CPU.ActiveCfg = Debug|Any CPU
		{52910557-6A38-4513-866C-B5B4046B0915}.Debug|Any CPU.Build.0 = Debug|Any CPU
		{52910557-6A38-4513-866C-B5B4046B0915}.Release|Any CPU.ActiveCfg = Release|Any CPU
		{52910557-6A38-4513-866C-B5B4046B0915}.Release|Any CPU.Build.0 = Release|Any CPU
		{4AF3BC5C-4734-4FFE-BAE1-EE549AC3C692}.Debug|Any CPU.ActiveCfg = Debug|Any CPU
		{4AF3BC5C-4734-4FFE-BAE1-EE549AC3C692}.Debug|Any CPU.Build.0 = Debug|Any CPU
		{4AF3BC5C-4734-4FFE-BAE1-EE549AC3C692}.Release|Any CPU.ActiveCfg = Release|Any CPU
		{4AF3BC5C-4734-4FFE-BAE1-EE549AC3C692}.Release|Any CPU.Build.0 = Release|Any CPU
		{FBF1E076-4DCB-45F9-8412-77D785AB5762}.Debug|Any CPU.ActiveCfg = Debug|Any CPU
		{FBF1E076-4DCB-45F9-8412-77D785AB5762}.Debug|Any CPU.Build.0 = Debug|Any CPU
		{FBF1E076-4DCB-45F9-8412-77D785AB5762}.Release|Any CPU.ActiveCfg = Release|Any CPU
		{FBF1E076-4DCB-45F9-8412-77D785AB5762}.Release|Any CPU.Build.0 = Release|Any CPU
	EndGlobalSection
	GlobalSection(SolutionProperties) = preSolution
		HideSolutionNode = FALSE
	EndGlobalSection
	GlobalSection(NestedProjects) = preSolution
	EndGlobalSection
	GlobalSection(ExtensibilityGlobals) = postSolution
		SolutionGuid = {6BEB3AC7-4913-421B-88EF-3F0C06955148}
	EndGlobalSection
EndGlobal
