
Microsoft Visual Studio Solution File, Format Version 12.00
# Visual Studio Version 16
VisualStudioVersion = 16.0.29009.5
MinimumVisualStudioVersion = 10.0.40219.1
Project("{2150E333-8FDC-42A3-9474-1A3956D46DE8}") = "Scripts", "Scripts", "{6BDF17C5-00C7-4235-88A0-E0E9F4B66B9C}"
	ProjectSection(SolutionItems) = preProject
		readme.md = readme.md
		dotnet.yml = .github/workflows/dotnet.yml
		release.yml = .github/workflows/release.yml
	EndProjectSection
EndProject
Project("{FAE04EC0-301F-11D3-BF4B-00C04F79EFBC}") = "Core", "Core\Core.csproj", "{52910557-6A38-4513-866C-B5B4046B0915}"
EndProject
Project("{FAE04EC0-301F-11D3-BF4B-00C04F79EFBC}") = "Tests", "Tests\Tests.csproj", "{FBF1E076-4DCB-45F9-8412-77D785AB5762}"
EndProject
Project("{FAE04EC0-301F-11D3-BF4B-00C04F79EFBC}") = "Samples\Sample", "Samples\Sample\Sample.csproj", "{4D0A7E00-23A9-467B-B436-78EAF3C98E92}"
EndProject
Project("{FAE04EC0-301F-11D3-BF4B-00C04F79EFBC}") = "Mock", "Mock\Mock.csproj", "{3BD5C134-F8CD-439D-99DE-5E2DA387FA7D}"
EndProject
Project("{FAE04EC0-301F-11D3-BF4B-00C04F79EFBC}") = "MockSample", "Samples\MockSample\MockSample.csproj", "{944DBE0D-6839-49A3-87B8-5AE3769F5BF5}"
EndProject
Project("{FAE04EC0-301F-11D3-BF4B-00C04F79EFBC}") = "ReferencedAssemblyHandler", "Samples\ReferencedAssemblyHandler\ReferencedAssemblyHandler.csproj", "{8FEFB813-1A7E-4209-BE7E-027D077AC14F}"
EndProject
Project("{2150E333-8FDC-42A3-9474-1A3956D46DE8}") = "Samples", "Samples", "{88FEF0C2-80FB-4C46-B08C-8BC99CE9609F}"
EndProject
Global
	GlobalSection(SolutionConfigurationPlatforms) = preSolution
		Debug|Any CPU = Debug|Any CPU
		Release|Any CPU = Release|Any CPU
	EndGlobalSection
	GlobalSection(ProjectConfigurationPlatforms) = postSolution
		{52910557-6A38-4513-866C-B5B4046B0915}.Debug|Any CPU.ActiveCfg = Debug|Any CPU
		{52910557-6A38-4513-866C-B5B4046B0915}.Debug|Any CPU.Build.0 = Debug|Any CPU
		{52910557-6A38-4513-866C-B5B4046B0915}.Release|Any CPU.ActiveCfg = Release|Any CPU
		{52910557-6A38-4513-866C-B5B4046B0915}.Release|Any CPU.Build.0 = Release|Any CPU
		{FBF1E076-4DCB-45F9-8412-77D785AB5762}.Debug|Any CPU.ActiveCfg = Debug|Any CPU
		{FBF1E076-4DCB-45F9-8412-77D785AB5762}.Debug|Any CPU.Build.0 = Debug|Any CPU
		{FBF1E076-4DCB-45F9-8412-77D785AB5762}.Release|Any CPU.ActiveCfg = Release|Any CPU
		{FBF1E076-4DCB-45F9-8412-77D785AB5762}.Release|Any CPU.Build.0 = Release|Any CPU
		{4D0A7E00-23A9-467B-B436-78EAF3C98E92}.Debug|Any CPU.ActiveCfg = Debug|Any CPU
		{4D0A7E00-23A9-467B-B436-78EAF3C98E92}.Debug|Any CPU.Build.0 = Debug|Any CPU
		{4D0A7E00-23A9-467B-B436-78EAF3C98E92}.Release|Any CPU.ActiveCfg = Release|Any CPU
		{4D0A7E00-23A9-467B-B436-78EAF3C98E92}.Release|Any CPU.Build.0 = Release|Any CPU
		{3BD5C134-F8CD-439D-99DE-5E2DA387FA7D}.Debug|Any CPU.ActiveCfg = Debug|Any CPU
		{3BD5C134-F8CD-439D-99DE-5E2DA387FA7D}.Debug|Any CPU.Build.0 = Debug|Any CPU
		{3BD5C134-F8CD-439D-99DE-5E2DA387FA7D}.Release|Any CPU.ActiveCfg = Release|Any CPU
		{3BD5C134-F8CD-439D-99DE-5E2DA387FA7D}.Release|Any CPU.Build.0 = Release|Any CPU
		{944DBE0D-6839-49A3-87B8-5AE3769F5BF5}.Debug|Any CPU.ActiveCfg = Debug|Any CPU
		{944DBE0D-6839-49A3-87B8-5AE3769F5BF5}.Debug|Any CPU.Build.0 = Debug|Any CPU
		{944DBE0D-6839-49A3-87B8-5AE3769F5BF5}.Release|Any CPU.ActiveCfg = Release|Any CPU
		{944DBE0D-6839-49A3-87B8-5AE3769F5BF5}.Release|Any CPU.Build.0 = Release|Any CPU
		{8FEFB813-1A7E-4209-BE7E-027D077AC14F}.Debug|Any CPU.ActiveCfg = Debug|Any CPU
		{8FEFB813-1A7E-4209-BE7E-027D077AC14F}.Debug|Any CPU.Build.0 = Debug|Any CPU
		{8FEFB813-1A7E-4209-BE7E-027D077AC14F}.Release|Any CPU.ActiveCfg = Release|Any CPU
		{8FEFB813-1A7E-4209-BE7E-027D077AC14F}.Release|Any CPU.Build.0 = Release|Any CPU
	EndGlobalSection
	GlobalSection(SolutionProperties) = preSolution
		HideSolutionNode = FALSE
	EndGlobalSection
	GlobalSection(NestedProjects) = preSolution
		{944DBE0D-6839-49A3-87B8-5AE3769F5BF5} = {88FEF0C2-80FB-4C46-B08C-8BC99CE9609F}
		{8FEFB813-1A7E-4209-BE7E-027D077AC14F} = {88FEF0C2-80FB-4C46-B08C-8BC99CE9609F}
		{4D0A7E00-23A9-467B-B436-78EAF3C98E92} = {88FEF0C2-80FB-4C46-B08C-8BC99CE9609F}
	EndGlobalSection
	GlobalSection(ExtensibilityGlobals) = postSolution
		SolutionGuid = {6BEB3AC7-4913-421B-88EF-3F0C06955148}
	EndGlobalSection
EndGlobal
